// !$*UTF8*$!
{
	archiveVersion = 1;
	classes = {
	};
	objectVersion = 46;
	objects = {

/* Begin PBXBuildFile section */
		E2185FB41EB87E4500304253 /* 4.html in Resources */ = {isa = PBXBuildFile; fileRef = E2185FB31EB87E4500304253 /* 4.html */; };
		E2185FB91EB8800F00304253 /* 5.html in Resources */ = {isa = PBXBuildFile; fileRef = E2185FB51EB8800F00304253 /* 5.html */; };
		E2185FBA1EB8800F00304253 /* 6.html in Resources */ = {isa = PBXBuildFile; fileRef = E2185FB61EB8800F00304253 /* 6.html */; };
		E2185FBB1EB8800F00304253 /* 7.html in Resources */ = {isa = PBXBuildFile; fileRef = E2185FB71EB8800F00304253 /* 7.html */; };
		E2185FBC1EB8800F00304253 /* 8.html in Resources */ = {isa = PBXBuildFile; fileRef = E2185FB81EB8800F00304253 /* 8.html */; };
		E22485861ED497010052B051 /* AppDelegate.m in Sources */ = {isa = PBXBuildFile; fileRef = E22485821ED497000052B051 /* AppDelegate.m */; };
		E22485871ED497010052B051 /* BootLogic.m in Sources */ = {isa = PBXBuildFile; fileRef = E22485831ED497010052B051 /* BootLogic.m */; };
		E22485881ED497010052B051 /* ConsoleScreen.m in Sources */ = {isa = PBXBuildFile; fileRef = E22485841ED497010052B051 /* ConsoleScreen.m */; };
		E22485891ED497010052B051 /* MainScreen.m in Sources */ = {isa = PBXBuildFile; fileRef = E22485851ED497010052B051 /* MainScreen.m */; };
		E22485A21ED497DD0052B051 /* SilentPrint.m in Sources */ = {isa = PBXBuildFile; fileRef = E224859F1ED497DD0052B051 /* SilentPrint.m */; };
		E22485A61ED497EA0052B051 /* ConfigurePrinter.xib in Resources */ = {isa = PBXBuildFile; fileRef = E22485A41ED497EA0052B051 /* ConfigurePrinter.xib */; };
		E22485A71ED497EA0052B051 /* ConfigurePrinter.m in Sources */ = {isa = PBXBuildFile; fileRef = E22485A51ED497EA0052B051 /* ConfigurePrinter.m */; };
		E22485AB1ED497FB0052B051 /* PrintSingleItem.xib in Resources */ = {isa = PBXBuildFile; fileRef = E22485A91ED497FB0052B051 /* PrintSingleItem.xib */; };
		E22485AC1ED497FB0052B051 /* PrintSingleItem.m in Sources */ = {isa = PBXBuildFile; fileRef = E22485AA1ED497FB0052B051 /* PrintSingleItem.m */; };
		E22485B01ED498180052B051 /* PrintBatch.xib in Resources */ = {isa = PBXBuildFile; fileRef = E22485AE1ED498180052B051 /* PrintBatch.xib */; };
		E22485B11ED498180052B051 /* PrintBatch.m in Sources */ = {isa = PBXBuildFile; fileRef = E22485AF1ED498180052B051 /* PrintBatch.m */; };
		E22485B51ED4982D0052B051 /* PrintBatchAfterBatch.xib in Resources */ = {isa = PBXBuildFile; fileRef = E22485B31ED4982D0052B051 /* PrintBatchAfterBatch.xib */; };
		E22485B61ED4982D0052B051 /* PrintBatchAfterBatch.m in Sources */ = {isa = PBXBuildFile; fileRef = E22485B41ED4982D0052B051 /* PrintBatchAfterBatch.m */; };
		E22485BA1ED4993E0052B051 /* MustacheBasicDemo.xib in Resources */ = {isa = PBXBuildFile; fileRef = E22485B81ED4993E0052B051 /* MustacheBasicDemo.xib */; };
		E22485BB1ED4993E0052B051 /* MustacheBasicDemo.m in Sources */ = {isa = PBXBuildFile; fileRef = E22485B91ED4993E0052B051 /* MustacheBasicDemo.m */; };
		E22485C01ED4997D0052B051 /* GenerateImagesCollection.m in Sources */ = {isa = PBXBuildFile; fileRef = E22485BE1ED4997D0052B051 /* GenerateImagesCollection.m */; };
		E22485C71ED49A3E0052B051 /* PaperConfig.m in Sources */ = {isa = PBXBuildFile; fileRef = E22485C41ED49A3E0052B051 /* PaperConfig.m */; };
		E22485C81ED49A3E0052B051 /* PDFGenerator.m in Sources */ = {isa = PBXBuildFile; fileRef = E22485C51ED49A3E0052B051 /* PDFGenerator.m */; };
		E22485C91ED49A3E0052B051 /* PDFPageRenderer.m in Sources */ = {isa = PBXBuildFile; fileRef = E22485C61ED49A3E0052B051 /* PDFPageRenderer.m */; };
		E22485D21ED49A870052B051 /* PortraitLetterPhoto.mustache in Resources */ = {isa = PBXBuildFile; fileRef = E22485CD1ED49A870052B051 /* PortraitLetterPhoto.mustache */; };
		E22485FE1ED49B090052B051 /* LetterPortrait.css in Resources */ = {isa = PBXBuildFile; fileRef = E22485D51ED49B090052B051 /* LetterPortrait.css */; };
		E22486001ED49B090052B051 /* jquery-3.2.1.slim.min.js in Resources */ = {isa = PBXBuildFile; fileRef = E22485D71ED49B090052B051 /* jquery-3.2.1.slim.min.js */; };
		E22486011ED49B090052B051 /* LetterPortrait.js in Resources */ = {isa = PBXBuildFile; fileRef = E22485D81ED49B090052B051 /* LetterPortrait.js */; };
		E22486031ED49B090052B051 /* 01.jpg in Resources */ = {isa = PBXBuildFile; fileRef = E22485DA1ED49B090052B051 /* 01.jpg */; };
		E22486041ED49B090052B051 /* 02.jpg in Resources */ = {isa = PBXBuildFile; fileRef = E22485DB1ED49B090052B051 /* 02.jpg */; };
		E22486051ED49B090052B051 /* 03.jpg in Resources */ = {isa = PBXBuildFile; fileRef = E22485DC1ED49B090052B051 /* 03.jpg */; };
		E22486061ED49B090052B051 /* 04.jpg in Resources */ = {isa = PBXBuildFile; fileRef = E22485DD1ED49B090052B051 /* 04.jpg */; };
		E22486071ED49B090052B051 /* 05.jpg in Resources */ = {isa = PBXBuildFile; fileRef = E22485DE1ED49B090052B051 /* 05.jpg */; };
		E22486081ED49B090052B051 /* 06.jpg in Resources */ = {isa = PBXBuildFile; fileRef = E22485DF1ED49B090052B051 /* 06.jpg */; };
		E22486091ED49B090052B051 /* 07.jpg in Resources */ = {isa = PBXBuildFile; fileRef = E22485E01ED49B090052B051 /* 07.jpg */; };
		E224860A1ED49B090052B051 /* 08.jpg in Resources */ = {isa = PBXBuildFile; fileRef = E22485E11ED49B090052B051 /* 08.jpg */; };
		E224860B1ED49B090052B051 /* 09.jpg in Resources */ = {isa = PBXBuildFile; fileRef = E22485E21ED49B090052B051 /* 09.jpg */; };
		E224860C1ED49B090052B051 /* 10.jpg in Resources */ = {isa = PBXBuildFile; fileRef = E22485E31ED49B090052B051 /* 10.jpg */; };
		E224860D1ED49B090052B051 /* 11.jpg in Resources */ = {isa = PBXBuildFile; fileRef = E22485E41ED49B090052B051 /* 11.jpg */; };
		E224860E1ED49B090052B051 /* 12.jpg in Resources */ = {isa = PBXBuildFile; fileRef = E22485E51ED49B090052B051 /* 12.jpg */; };
		E224860F1ED49B090052B051 /* 13.jpg in Resources */ = {isa = PBXBuildFile; fileRef = E22485E61ED49B090052B051 /* 13.jpg */; };
		E22486101ED49B090052B051 /* 14.jpg in Resources */ = {isa = PBXBuildFile; fileRef = E22485E71ED49B090052B051 /* 14.jpg */; };
		E22486111ED49B090052B051 /* 15.jpg in Resources */ = {isa = PBXBuildFile; fileRef = E22485E81ED49B090052B051 /* 15.jpg */; };
		E22486121ED49B090052B051 /* 16.jpg in Resources */ = {isa = PBXBuildFile; fileRef = E22485E91ED49B090052B051 /* 16.jpg */; };
		E22486131ED49B090052B051 /* 17.jpg in Resources */ = {isa = PBXBuildFile; fileRef = E22485EA1ED49B090052B051 /* 17.jpg */; };
		E22486141ED49B090052B051 /* 18.jpg in Resources */ = {isa = PBXBuildFile; fileRef = E22485EB1ED49B090052B051 /* 18.jpg */; };
		E22486151ED49B090052B051 /* 19.jpg in Resources */ = {isa = PBXBuildFile; fileRef = E22485EC1ED49B090052B051 /* 19.jpg */; };
		E22486161ED49B090052B051 /* 20.jpg in Resources */ = {isa = PBXBuildFile; fileRef = E22485ED1ED49B090052B051 /* 20.jpg */; };
		E22486171ED49B090052B051 /* 21.jpg in Resources */ = {isa = PBXBuildFile; fileRef = E22485EE1ED49B090052B051 /* 21.jpg */; };
		E22486181ED49B090052B051 /* 22.jpg in Resources */ = {isa = PBXBuildFile; fileRef = E22485EF1ED49B090052B051 /* 22.jpg */; };
		E22486191ED49B090052B051 /* 23.jpg in Resources */ = {isa = PBXBuildFile; fileRef = E22485F01ED49B090052B051 /* 23.jpg */; };
		E224861A1ED49B090052B051 /* 24.jpg in Resources */ = {isa = PBXBuildFile; fileRef = E22485F11ED49B090052B051 /* 24.jpg */; };
		E224861B1ED49B090052B051 /* 25.jpg in Resources */ = {isa = PBXBuildFile; fileRef = E22485F21ED49B090052B051 /* 25.jpg */; };
		E224861C1ED49B090052B051 /* 26.jpg in Resources */ = {isa = PBXBuildFile; fileRef = E22485F31ED49B090052B051 /* 26.jpg */; };
		E224861D1ED49B090052B051 /* 27.jpg in Resources */ = {isa = PBXBuildFile; fileRef = E22485F41ED49B090052B051 /* 27.jpg */; };
		E224861E1ED49B090052B051 /* 28.jpg in Resources */ = {isa = PBXBuildFile; fileRef = E22485F51ED49B090052B051 /* 28.jpg */; };
		E224861F1ED49B090052B051 /* 29.jpg in Resources */ = {isa = PBXBuildFile; fileRef = E22485F61ED49B090052B051 /* 29.jpg */; };
		E22486201ED49B090052B051 /* 30.jpg in Resources */ = {isa = PBXBuildFile; fileRef = E22485F71ED49B090052B051 /* 30.jpg */; };
		E22486211ED49B090052B051 /* doctor1.jpg in Resources */ = {isa = PBXBuildFile; fileRef = E22485F81ED49B090052B051 /* doctor1.jpg */; };
		E22486221ED49B090052B051 /* doctor2.jpg in Resources */ = {isa = PBXBuildFile; fileRef = E22485F91ED49B090052B051 /* doctor2.jpg */; };
		E22486231ED49B090052B051 /* doctor3.jpg in Resources */ = {isa = PBXBuildFile; fileRef = E22485FA1ED49B090052B051 /* doctor3.jpg */; };
		E22486241ED49B090052B051 /* logo1.png in Resources */ = {isa = PBXBuildFile; fileRef = E22485FB1ED49B090052B051 /* logo1.png */; };
		E22486251ED49B090052B051 /* logo2.png in Resources */ = {isa = PBXBuildFile; fileRef = E22485FC1ED49B090052B051 /* logo2.png */; };
		E22486261ED49B090052B051 /* Roboto-Regular.ttf in Resources */ = {isa = PBXBuildFile; fileRef = E22485FD1ED49B090052B051 /* Roboto-Regular.ttf */; };
		E22F42FC1EE3151B00F0E1D9 /* WYSIWYGReport.m in Sources */ = {isa = PBXBuildFile; fileRef = E22F42FB1EE3151B00F0E1D9 /* WYSIWYGReport.m */; };
		E22F42FF1EE31D9900F0E1D9 /* UserEntry.js in Resources */ = {isa = PBXBuildFile; fileRef = E22F42FD1EE31D9900F0E1D9 /* UserEntry.js */; };
		E22F43001EE31D9900F0E1D9 /* WYSIWYGReport.js in Resources */ = {isa = PBXBuildFile; fileRef = E22F42FE1EE31D9900F0E1D9 /* WYSIWYGReport.js */; };
		E22F43021EE31DF200F0E1D9 /* WYSIWYGReport.mustache in Resources */ = {isa = PBXBuildFile; fileRef = E22F43011EE31DF200F0E1D9 /* WYSIWYGReport.mustache */; };
		E2478C241EB248F2004EEC16 /* 3.html in Resources */ = {isa = PBXBuildFile; fileRef = E2478C211EB248F2004EEC16 /* 3.html */; };
		E2478C251EB248F2004EEC16 /* 2.jpg in Resources */ = {isa = PBXBuildFile; fileRef = E2478C221EB248F2004EEC16 /* 2.jpg */; };
		E2478C261EB248F2004EEC16 /* 1.pdf in Resources */ = {isa = PBXBuildFile; fileRef = E2478C231EB248F2004EEC16 /* 1.pdf */; };
		E247AA0F1EB64B7E00388A00 /* koi.jpg in Resources */ = {isa = PBXBuildFile; fileRef = E247AA0E1EB64B7E00388A00 /* koi.jpg */; };
		E25845C11EE780A500563AF5 /* basic.html in Resources */ = {isa = PBXBuildFile; fileRef = E25845BE1EE780A500563AF5 /* basic.html */; };
		E25845C21EE780A500563AF5 /* script.js in Resources */ = {isa = PBXBuildFile; fileRef = E25845BF1EE780A500563AF5 /* script.js */; };
		E25845C31EE780A500563AF5 /* vue.min.js in Resources */ = {isa = PBXBuildFile; fileRef = E25845C01EE780A500563AF5 /* vue.min.js */; };
		E27ABE9E1EB1F217006D5A01 /* main.m in Sources */ = {isa = PBXBuildFile; fileRef = E27ABE9D1EB1F217006D5A01 /* main.m */; };
		E27ABEA91EB1F217006D5A01 /* Assets.xcassets in Resources */ = {isa = PBXBuildFile; fileRef = E27ABEA81EB1F217006D5A01 /* Assets.xcassets */; };
		E2AEB9D81EE3AB0A001E0C9A /* VueInterop.m in Sources */ = {isa = PBXBuildFile; fileRef = E2AEB9D71EE3AB0A001E0C9A /* VueInterop.m */; };
		E2AEB9DA1EE3AC24001E0C9A /* index.html in Resources */ = {isa = PBXBuildFile; fileRef = E2AEB9D91EE3AC24001E0C9A /* index.html */; };
		E2AEB9DC1EE3AE43001E0C9A /* main.css in Resources */ = {isa = PBXBuildFile; fileRef = E2AEB9DB1EE3AE43001E0C9A /* main.css */; };
		E2AEB9E01EE3AE80001E0C9A /* inter.js in Resources */ = {isa = PBXBuildFile; fileRef = E2AEB9DF1EE3AE80001E0C9A /* inter.js */; };
		E2AEB9E31EE3B185001E0C9A /* someJSLibrary in Resources */ = {isa = PBXBuildFile; fileRef = E2AEB9E21EE3B185001E0C9A /* someJSLibrary */; };
		E2B520CF1EDBD3C800FFEEF0 /* SilentPDFGenerator.m in Sources */ = {isa = PBXBuildFile; fileRef = E2B520CD1EDBD3C800FFEEF0 /* SilentPDFGenerator.m */; };
		E2B520D01EDBD3C800FFEEF0 /* SilentPDFGenerator.xib in Resources */ = {isa = PBXBuildFile; fileRef = E2B520CE1EDBD3C800FFEEF0 /* SilentPDFGenerator.xib */; };
		E2CD29231EC4AB7100E94B5A /* WebKit.framework in Frameworks */ = {isa = PBXBuildFile; fileRef = E2CD29221EC4AB7100E94B5A /* WebKit.framework */; };
		E2E749FF1ED549FA0068DB02 /* ImageIO.framework in Frameworks */ = {isa = PBXBuildFile; fileRef = E2E749FE1ED549FA0068DB02 /* ImageIO.framework */; };
		E2E74A071ED575EB0068DB02 /* UIImage+Utils.m in Sources */ = {isa = PBXBuildFile; fileRef = E2E74A061ED575EB0068DB02 /* UIImage+Utils.m */; };
		E2E74A0B1ED5766F0068DB02 /* ScaleImage.m in Sources */ = {isa = PBXBuildFile; fileRef = E2E74A091ED5766F0068DB02 /* ScaleImage.m */; };
		E2E74A0C1ED5766F0068DB02 /* ScaleImage.xib in Resources */ = {isa = PBXBuildFile; fileRef = E2E74A0A1ED5766F0068DB02 /* ScaleImage.xib */; };
		E2F842C71EE77CDF003F3FB9 /* demoeditor.css in Resources */ = {isa = PBXBuildFile; fileRef = E2F842C41EE77CDF003F3FB9 /* demoeditor.css */; };
		E2F842C81EE77CDF003F3FB9 /* demovue.html in Resources */ = {isa = PBXBuildFile; fileRef = E2F842C51EE77CDF003F3FB9 /* demovue.html */; };
		E2FF1EF21EBAAD4D00AE9C08 /* log1.log in Resources */ = {isa = PBXBuildFile; fileRef = E2FF1EF11EBAAD4D00AE9C08 /* log1.log */; };
		E2FF1EF61EBAAE8300AE9C08 /* log2.csv in Resources */ = {isa = PBXBuildFile; fileRef = E2FF1EF41EBAAE8300AE9C08 /* log2.csv */; };
		F7DA71BD9EDD5ED1A74FDE8D /* libPods-SilentPrintDemo.a in Frameworks */ = {isa = PBXBuildFile; fileRef = CE7848BD5FA7FF62C4BF0057 /* libPods-SilentPrintDemo.a */; };
/* End PBXBuildFile section */

/* Begin PBXFileReference section */
		C51FDD691A45317111A9F7DA /* Pods-SilentPrintDemo.release.xcconfig */ = {isa = PBXFileReference; includeInIndex = 1; lastKnownFileType = text.xcconfig; name = "Pods-SilentPrintDemo.release.xcconfig"; path = "Pods/Target Support Files/Pods-SilentPrintDemo/Pods-SilentPrintDemo.release.xcconfig"; sourceTree = "<group>"; };
		CE7848BD5FA7FF62C4BF0057 /* libPods-SilentPrintDemo.a */ = {isa = PBXFileReference; explicitFileType = archive.ar; includeInIndex = 0; path = "libPods-SilentPrintDemo.a"; sourceTree = BUILT_PRODUCTS_DIR; };
		E2185FB31EB87E4500304253 /* 4.html */ = {isa = PBXFileReference; fileEncoding = 4; lastKnownFileType = text.html; name = 4.html; path = SampleItems/4.html; sourceTree = "<group>"; };
		E2185FB51EB8800F00304253 /* 5.html */ = {isa = PBXFileReference; fileEncoding = 4; lastKnownFileType = text.html; name = 5.html; path = SampleItems/5.html; sourceTree = "<group>"; };
		E2185FB61EB8800F00304253 /* 6.html */ = {isa = PBXFileReference; fileEncoding = 4; lastKnownFileType = text.html; name = 6.html; path = SampleItems/6.html; sourceTree = "<group>"; };
		E2185FB71EB8800F00304253 /* 7.html */ = {isa = PBXFileReference; fileEncoding = 4; lastKnownFileType = text.html; name = 7.html; path = SampleItems/7.html; sourceTree = "<group>"; };
		E2185FB81EB8800F00304253 /* 8.html */ = {isa = PBXFileReference; fileEncoding = 4; lastKnownFileType = text.html; name = 8.html; path = SampleItems/8.html; sourceTree = "<group>"; };
		E224857E1ED497000052B051 /* AppDelegate.h */ = {isa = PBXFileReference; fileEncoding = 4; lastKnownFileType = sourcecode.c.h; name = AppDelegate.h; path = MainMenu/AppDelegate.h; sourceTree = "<group>"; };
		E224857F1ED497000052B051 /* BootLogic.h */ = {isa = PBXFileReference; fileEncoding = 4; lastKnownFileType = sourcecode.c.h; name = BootLogic.h; path = MainMenu/BootLogic.h; sourceTree = "<group>"; };
		E22485801ED497000052B051 /* ConsoleScreen.h */ = {isa = PBXFileReference; fileEncoding = 4; lastKnownFileType = sourcecode.c.h; name = ConsoleScreen.h; path = MainMenu/ConsoleScreen.h; sourceTree = "<group>"; };
		E22485811ED497000052B051 /* MainScreen.h */ = {isa = PBXFileReference; fileEncoding = 4; lastKnownFileType = sourcecode.c.h; name = MainScreen.h; path = MainMenu/MainScreen.h; sourceTree = "<group>"; };
		E22485821ED497000052B051 /* AppDelegate.m */ = {isa = PBXFileReference; fileEncoding = 4; lastKnownFileType = sourcecode.c.objc; name = AppDelegate.m; path = MainMenu/AppDelegate.m; sourceTree = "<group>"; };
		E22485831ED497010052B051 /* BootLogic.m */ = {isa = PBXFileReference; fileEncoding = 4; lastKnownFileType = sourcecode.c.objc; name = BootLogic.m; path = MainMenu/BootLogic.m; sourceTree = "<group>"; };
		E22485841ED497010052B051 /* ConsoleScreen.m */ = {isa = PBXFileReference; fileEncoding = 4; lastKnownFileType = sourcecode.c.objc; name = ConsoleScreen.m; path = MainMenu/ConsoleScreen.m; sourceTree = "<group>"; };
		E22485851ED497010052B051 /* MainScreen.m */ = {isa = PBXFileReference; fileEncoding = 4; lastKnownFileType = sourcecode.c.objc; name = MainScreen.m; path = MainMenu/MainScreen.m; sourceTree = "<group>"; };
		E224859C1ED497DD0052B051 /* SilentPrint.h */ = {isa = PBXFileReference; fileEncoding = 4; lastKnownFileType = sourcecode.c.h; name = SilentPrint.h; path = SilentPrint/SilentPrint.h; sourceTree = "<group>"; };
		E224859F1ED497DD0052B051 /* SilentPrint.m */ = {isa = PBXFileReference; fileEncoding = 4; lastKnownFileType = sourcecode.c.objc; name = SilentPrint.m; path = SilentPrint/SilentPrint.m; sourceTree = "<group>"; };
		E22485A31ED497EA0052B051 /* ConfigurePrinter.h */ = {isa = PBXFileReference; fileEncoding = 4; lastKnownFileType = sourcecode.c.h; name = ConfigurePrinter.h; path = ConfigurePrinter/ConfigurePrinter.h; sourceTree = "<group>"; };
		E22485A41ED497EA0052B051 /* ConfigurePrinter.xib */ = {isa = PBXFileReference; fileEncoding = 4; lastKnownFileType = file.xib; name = ConfigurePrinter.xib; path = ConfigurePrinter/ConfigurePrinter.xib; sourceTree = "<group>"; };
		E22485A51ED497EA0052B051 /* ConfigurePrinter.m */ = {isa = PBXFileReference; fileEncoding = 4; lastKnownFileType = sourcecode.c.objc; name = ConfigurePrinter.m; path = ConfigurePrinter/ConfigurePrinter.m; sourceTree = "<group>"; };
		E22485A81ED497FB0052B051 /* PrintSingleItem.h */ = {isa = PBXFileReference; fileEncoding = 4; lastKnownFileType = sourcecode.c.h; name = PrintSingleItem.h; path = PrintSingleItem/PrintSingleItem.h; sourceTree = "<group>"; };
		E22485A91ED497FB0052B051 /* PrintSingleItem.xib */ = {isa = PBXFileReference; fileEncoding = 4; lastKnownFileType = file.xib; name = PrintSingleItem.xib; path = PrintSingleItem/PrintSingleItem.xib; sourceTree = "<group>"; };
		E22485AA1ED497FB0052B051 /* PrintSingleItem.m */ = {isa = PBXFileReference; fileEncoding = 4; lastKnownFileType = sourcecode.c.objc; name = PrintSingleItem.m; path = PrintSingleItem/PrintSingleItem.m; sourceTree = "<group>"; };
		E22485AD1ED498180052B051 /* PrintBatch.h */ = {isa = PBXFileReference; fileEncoding = 4; lastKnownFileType = sourcecode.c.h; name = PrintBatch.h; path = PrintBatch/PrintBatch.h; sourceTree = "<group>"; };
		E22485AE1ED498180052B051 /* PrintBatch.xib */ = {isa = PBXFileReference; fileEncoding = 4; lastKnownFileType = file.xib; name = PrintBatch.xib; path = PrintBatch/PrintBatch.xib; sourceTree = "<group>"; };
		E22485AF1ED498180052B051 /* PrintBatch.m */ = {isa = PBXFileReference; fileEncoding = 4; lastKnownFileType = sourcecode.c.objc; name = PrintBatch.m; path = PrintBatch/PrintBatch.m; sourceTree = "<group>"; };
		E22485B21ED4982D0052B051 /* PrintBatchAfterBatch.h */ = {isa = PBXFileReference; fileEncoding = 4; lastKnownFileType = sourcecode.c.h; name = PrintBatchAfterBatch.h; path = PrintBatchAfterBatch/PrintBatchAfterBatch.h; sourceTree = "<group>"; };
		E22485B31ED4982D0052B051 /* PrintBatchAfterBatch.xib */ = {isa = PBXFileReference; fileEncoding = 4; lastKnownFileType = file.xib; name = PrintBatchAfterBatch.xib; path = PrintBatchAfterBatch/PrintBatchAfterBatch.xib; sourceTree = "<group>"; };
		E22485B41ED4982D0052B051 /* PrintBatchAfterBatch.m */ = {isa = PBXFileReference; fileEncoding = 4; lastKnownFileType = sourcecode.c.objc; name = PrintBatchAfterBatch.m; path = PrintBatchAfterBatch/PrintBatchAfterBatch.m; sourceTree = "<group>"; };
		E22485B71ED4993E0052B051 /* MustacheBasicDemo.h */ = {isa = PBXFileReference; fileEncoding = 4; lastKnownFileType = sourcecode.c.h; name = MustacheBasicDemo.h; path = MustacheBasicDemo/MustacheBasicDemo.h; sourceTree = "<group>"; };
		E22485B81ED4993E0052B051 /* MustacheBasicDemo.xib */ = {isa = PBXFileReference; fileEncoding = 4; lastKnownFileType = file.xib; name = MustacheBasicDemo.xib; path = MustacheBasicDemo/MustacheBasicDemo.xib; sourceTree = "<group>"; };
		E22485B91ED4993E0052B051 /* MustacheBasicDemo.m */ = {isa = PBXFileReference; fileEncoding = 4; lastKnownFileType = sourcecode.c.objc; name = MustacheBasicDemo.m; path = MustacheBasicDemo/MustacheBasicDemo.m; sourceTree = "<group>"; };
		E22485BC1ED4997D0052B051 /* GenerateImagesCollection.h */ = {isa = PBXFileReference; fileEncoding = 4; lastKnownFileType = sourcecode.c.h; name = GenerateImagesCollection.h; path = GenerateImagesCollection/GenerateImagesCollection.h; sourceTree = "<group>"; };
		E22485BE1ED4997D0052B051 /* GenerateImagesCollection.m */ = {isa = PBXFileReference; fileEncoding = 4; lastKnownFileType = sourcecode.c.objc; name = GenerateImagesCollection.m; path = GenerateImagesCollection/GenerateImagesCollection.m; sourceTree = "<group>"; };
		E22485C11ED49A3E0052B051 /* PaperConfig.h */ = {isa = PBXFileReference; fileEncoding = 4; lastKnownFileType = sourcecode.c.h; name = PaperConfig.h; path = PDFGenerator/PaperConfig.h; sourceTree = "<group>"; };
		E22485C21ED49A3E0052B051 /* PDFGenerator.h */ = {isa = PBXFileReference; fileEncoding = 4; lastKnownFileType = sourcecode.c.h; name = PDFGenerator.h; path = PDFGenerator/PDFGenerator.h; sourceTree = "<group>"; };
		E22485C31ED49A3E0052B051 /* PDFPageRenderer.h */ = {isa = PBXFileReference; fileEncoding = 4; lastKnownFileType = sourcecode.c.h; name = PDFPageRenderer.h; path = PDFGenerator/PDFPageRenderer.h; sourceTree = "<group>"; };
		E22485C41ED49A3E0052B051 /* PaperConfig.m */ = {isa = PBXFileReference; fileEncoding = 4; lastKnownFileType = sourcecode.c.objc; name = PaperConfig.m; path = PDFGenerator/PaperConfig.m; sourceTree = "<group>"; };
		E22485C51ED49A3E0052B051 /* PDFGenerator.m */ = {isa = PBXFileReference; fileEncoding = 4; lastKnownFileType = sourcecode.c.objc; name = PDFGenerator.m; path = PDFGenerator/PDFGenerator.m; sourceTree = "<group>"; };
		E22485C61ED49A3E0052B051 /* PDFPageRenderer.m */ = {isa = PBXFileReference; fileEncoding = 4; lastKnownFileType = sourcecode.c.objc; name = PDFPageRenderer.m; path = PDFGenerator/PDFPageRenderer.m; sourceTree = "<group>"; };
		E22485CD1ED49A870052B051 /* PortraitLetterPhoto.mustache */ = {isa = PBXFileReference; fileEncoding = 4; lastKnownFileType = text; name = PortraitLetterPhoto.mustache; path = Mustache/PortraitLetterPhoto.mustache; sourceTree = "<group>"; };
		E22485D51ED49B090052B051 /* LetterPortrait.css */ = {isa = PBXFileReference; fileEncoding = 4; lastKnownFileType = text.css; name = LetterPortrait.css; path = Report/LetterPortrait.css; sourceTree = "<group>"; };
		E22485D71ED49B090052B051 /* jquery-3.2.1.slim.min.js */ = {isa = PBXFileReference; fileEncoding = 4; lastKnownFileType = sourcecode.javascript; name = "jquery-3.2.1.slim.min.js"; path = "Report/jquery-3.2.1.slim.min.js"; sourceTree = "<group>"; };
		E22485D81ED49B090052B051 /* LetterPortrait.js */ = {isa = PBXFileReference; fileEncoding = 4; lastKnownFileType = sourcecode.javascript; name = LetterPortrait.js; path = Report/LetterPortrait.js; sourceTree = "<group>"; };
		E22485DA1ED49B090052B051 /* 01.jpg */ = {isa = PBXFileReference; lastKnownFileType = image.jpeg; name = 01.jpg; path = Report/01.jpg; sourceTree = "<group>"; };
		E22485DB1ED49B090052B051 /* 02.jpg */ = {isa = PBXFileReference; lastKnownFileType = image.jpeg; name = 02.jpg; path = Report/02.jpg; sourceTree = "<group>"; };
		E22485DC1ED49B090052B051 /* 03.jpg */ = {isa = PBXFileReference; lastKnownFileType = image.jpeg; name = 03.jpg; path = Report/03.jpg; sourceTree = "<group>"; };
		E22485DD1ED49B090052B051 /* 04.jpg */ = {isa = PBXFileReference; lastKnownFileType = image.jpeg; name = 04.jpg; path = Report/04.jpg; sourceTree = "<group>"; };
		E22485DE1ED49B090052B051 /* 05.jpg */ = {isa = PBXFileReference; lastKnownFileType = image.jpeg; name = 05.jpg; path = Report/05.jpg; sourceTree = "<group>"; };
		E22485DF1ED49B090052B051 /* 06.jpg */ = {isa = PBXFileReference; lastKnownFileType = image.jpeg; name = 06.jpg; path = Report/06.jpg; sourceTree = "<group>"; };
		E22485E01ED49B090052B051 /* 07.jpg */ = {isa = PBXFileReference; lastKnownFileType = image.jpeg; name = 07.jpg; path = Report/07.jpg; sourceTree = "<group>"; };
		E22485E11ED49B090052B051 /* 08.jpg */ = {isa = PBXFileReference; lastKnownFileType = image.jpeg; name = 08.jpg; path = Report/08.jpg; sourceTree = "<group>"; };
		E22485E21ED49B090052B051 /* 09.jpg */ = {isa = PBXFileReference; lastKnownFileType = image.jpeg; name = 09.jpg; path = Report/09.jpg; sourceTree = "<group>"; };
		E22485E31ED49B090052B051 /* 10.jpg */ = {isa = PBXFileReference; lastKnownFileType = image.jpeg; name = 10.jpg; path = Report/10.jpg; sourceTree = "<group>"; };
		E22485E41ED49B090052B051 /* 11.jpg */ = {isa = PBXFileReference; lastKnownFileType = image.jpeg; name = 11.jpg; path = Report/11.jpg; sourceTree = "<group>"; };
		E22485E51ED49B090052B051 /* 12.jpg */ = {isa = PBXFileReference; lastKnownFileType = image.jpeg; name = 12.jpg; path = Report/12.jpg; sourceTree = "<group>"; };
		E22485E61ED49B090052B051 /* 13.jpg */ = {isa = PBXFileReference; lastKnownFileType = image.jpeg; name = 13.jpg; path = Report/13.jpg; sourceTree = "<group>"; };
		E22485E71ED49B090052B051 /* 14.jpg */ = {isa = PBXFileReference; lastKnownFileType = image.jpeg; name = 14.jpg; path = Report/14.jpg; sourceTree = "<group>"; };
		E22485E81ED49B090052B051 /* 15.jpg */ = {isa = PBXFileReference; lastKnownFileType = image.jpeg; name = 15.jpg; path = Report/15.jpg; sourceTree = "<group>"; };
		E22485E91ED49B090052B051 /* 16.jpg */ = {isa = PBXFileReference; lastKnownFileType = image.jpeg; name = 16.jpg; path = Report/16.jpg; sourceTree = "<group>"; };
		E22485EA1ED49B090052B051 /* 17.jpg */ = {isa = PBXFileReference; lastKnownFileType = image.jpeg; name = 17.jpg; path = Report/17.jpg; sourceTree = "<group>"; };
		E22485EB1ED49B090052B051 /* 18.jpg */ = {isa = PBXFileReference; lastKnownFileType = image.jpeg; name = 18.jpg; path = Report/18.jpg; sourceTree = "<group>"; };
		E22485EC1ED49B090052B051 /* 19.jpg */ = {isa = PBXFileReference; lastKnownFileType = image.jpeg; name = 19.jpg; path = Report/19.jpg; sourceTree = "<group>"; };
		E22485ED1ED49B090052B051 /* 20.jpg */ = {isa = PBXFileReference; lastKnownFileType = image.jpeg; name = 20.jpg; path = Report/20.jpg; sourceTree = "<group>"; };
		E22485EE1ED49B090052B051 /* 21.jpg */ = {isa = PBXFileReference; lastKnownFileType = image.jpeg; name = 21.jpg; path = Report/21.jpg; sourceTree = "<group>"; };
		E22485EF1ED49B090052B051 /* 22.jpg */ = {isa = PBXFileReference; lastKnownFileType = image.jpeg; name = 22.jpg; path = Report/22.jpg; sourceTree = "<group>"; };
		E22485F01ED49B090052B051 /* 23.jpg */ = {isa = PBXFileReference; lastKnownFileType = image.jpeg; name = 23.jpg; path = Report/23.jpg; sourceTree = "<group>"; };
		E22485F11ED49B090052B051 /* 24.jpg */ = {isa = PBXFileReference; lastKnownFileType = image.jpeg; name = 24.jpg; path = Report/24.jpg; sourceTree = "<group>"; };
		E22485F21ED49B090052B051 /* 25.jpg */ = {isa = PBXFileReference; lastKnownFileType = image.jpeg; name = 25.jpg; path = Report/25.jpg; sourceTree = "<group>"; };
		E22485F31ED49B090052B051 /* 26.jpg */ = {isa = PBXFileReference; lastKnownFileType = image.jpeg; name = 26.jpg; path = Report/26.jpg; sourceTree = "<group>"; };
		E22485F41ED49B090052B051 /* 27.jpg */ = {isa = PBXFileReference; lastKnownFileType = image.jpeg; name = 27.jpg; path = Report/27.jpg; sourceTree = "<group>"; };
		E22485F51ED49B090052B051 /* 28.jpg */ = {isa = PBXFileReference; lastKnownFileType = image.jpeg; name = 28.jpg; path = Report/28.jpg; sourceTree = "<group>"; };
		E22485F61ED49B090052B051 /* 29.jpg */ = {isa = PBXFileReference; lastKnownFileType = image.jpeg; name = 29.jpg; path = Report/29.jpg; sourceTree = "<group>"; };
		E22485F71ED49B090052B051 /* 30.jpg */ = {isa = PBXFileReference; lastKnownFileType = image.jpeg; name = 30.jpg; path = Report/30.jpg; sourceTree = "<group>"; };
		E22485F81ED49B090052B051 /* doctor1.jpg */ = {isa = PBXFileReference; lastKnownFileType = image.jpeg; name = doctor1.jpg; path = Report/doctor1.jpg; sourceTree = "<group>"; };
		E22485F91ED49B090052B051 /* doctor2.jpg */ = {isa = PBXFileReference; lastKnownFileType = image.jpeg; name = doctor2.jpg; path = Report/doctor2.jpg; sourceTree = "<group>"; };
		E22485FA1ED49B090052B051 /* doctor3.jpg */ = {isa = PBXFileReference; lastKnownFileType = image.jpeg; name = doctor3.jpg; path = Report/doctor3.jpg; sourceTree = "<group>"; };
		E22485FB1ED49B090052B051 /* logo1.png */ = {isa = PBXFileReference; lastKnownFileType = image.png; name = logo1.png; path = Report/logo1.png; sourceTree = "<group>"; };
		E22485FC1ED49B090052B051 /* logo2.png */ = {isa = PBXFileReference; lastKnownFileType = image.png; name = logo2.png; path = Report/logo2.png; sourceTree = "<group>"; };
		E22485FD1ED49B090052B051 /* Roboto-Regular.ttf */ = {isa = PBXFileReference; lastKnownFileType = file; name = "Roboto-Regular.ttf"; path = "Report/Roboto-Regular.ttf"; sourceTree = "<group>"; };
		E22F42FA1EE3151B00F0E1D9 /* WYSIWYGReport.h */ = {isa = PBXFileReference; fileEncoding = 4; lastKnownFileType = sourcecode.c.h; name = WYSIWYGReport.h; path = WYSIWYGReport/WYSIWYGReport.h; sourceTree = "<group>"; };
		E22F42FB1EE3151B00F0E1D9 /* WYSIWYGReport.m */ = {isa = PBXFileReference; fileEncoding = 4; lastKnownFileType = sourcecode.c.objc; name = WYSIWYGReport.m; path = WYSIWYGReport/WYSIWYGReport.m; sourceTree = "<group>"; };
		E22F42FD1EE31D9900F0E1D9 /* UserEntry.js */ = {isa = PBXFileReference; fileEncoding = 4; lastKnownFileType = sourcecode.javascript; name = UserEntry.js; path = Report/UserEntry.js; sourceTree = "<group>"; };
		E22F42FE1EE31D9900F0E1D9 /* WYSIWYGReport.js */ = {isa = PBXFileReference; fileEncoding = 4; lastKnownFileType = sourcecode.javascript; name = WYSIWYGReport.js; path = Report/WYSIWYGReport.js; sourceTree = "<group>"; };
		E22F43011EE31DF200F0E1D9 /* WYSIWYGReport.mustache */ = {isa = PBXFileReference; fileEncoding = 4; lastKnownFileType = text; name = WYSIWYGReport.mustache; path = Mustache/WYSIWYGReport.mustache; sourceTree = "<group>"; };
		E2478C211EB248F2004EEC16 /* 3.html */ = {isa = PBXFileReference; fileEncoding = 4; lastKnownFileType = text.html; name = 3.html; path = SampleItems/3.html; sourceTree = "<group>"; };
		E2478C221EB248F2004EEC16 /* 2.jpg */ = {isa = PBXFileReference; lastKnownFileType = image.jpeg; name = 2.jpg; path = SampleItems/2.jpg; sourceTree = "<group>"; };
		E2478C231EB248F2004EEC16 /* 1.pdf */ = {isa = PBXFileReference; lastKnownFileType = image.pdf; name = 1.pdf; path = SampleItems/1.pdf; sourceTree = "<group>"; };
		E247AA0E1EB64B7E00388A00 /* koi.jpg */ = {isa = PBXFileReference; lastKnownFileType = image.jpeg; name = koi.jpg; path = SampleItems/koi.jpg; sourceTree = "<group>"; };
		E25845BE1EE780A500563AF5 /* basic.html */ = {isa = PBXFileReference; fileEncoding = 4; lastKnownFileType = text.html; name = basic.html; path = VueInterop/basic.html; sourceTree = "<group>"; };
		E25845BF1EE780A500563AF5 /* script.js */ = {isa = PBXFileReference; fileEncoding = 4; lastKnownFileType = sourcecode.javascript; name = script.js; path = VueInterop/script.js; sourceTree = "<group>"; };
		E25845C01EE780A500563AF5 /* vue.min.js */ = {isa = PBXFileReference; fileEncoding = 4; lastKnownFileType = sourcecode.javascript; name = vue.min.js; path = VueInterop/vue.min.js; sourceTree = "<group>"; };
		E27ABE991EB1F217006D5A01 /* SilentPrintDemo.app */ = {isa = PBXFileReference; explicitFileType = wrapper.application; includeInIndex = 0; path = SilentPrintDemo.app; sourceTree = BUILT_PRODUCTS_DIR; };
		E27ABE9D1EB1F217006D5A01 /* main.m */ = {isa = PBXFileReference; lastKnownFileType = sourcecode.c.objc; path = main.m; sourceTree = "<group>"; };
		E27ABEA81EB1F217006D5A01 /* Assets.xcassets */ = {isa = PBXFileReference; lastKnownFileType = folder.assetcatalog; path = Assets.xcassets; sourceTree = "<group>"; };
		E27ABEAB1EB1F217006D5A01 /* Base */ = {isa = PBXFileReference; lastKnownFileType = file.storyboard; name = Base; path = Base.lproj/LaunchScreen.storyboard; sourceTree = "<group>"; };
		E27ABEAD1EB1F217006D5A01 /* Info.plist */ = {isa = PBXFileReference; lastKnownFileType = text.plist.xml; path = Info.plist; sourceTree = "<group>"; };
		E2AEB9D61EE3AB0A001E0C9A /* VueInterop.h */ = {isa = PBXFileReference; fileEncoding = 4; lastKnownFileType = sourcecode.c.h; name = VueInterop.h; path = VueInterop/VueInterop.h; sourceTree = "<group>"; };
		E2AEB9D71EE3AB0A001E0C9A /* VueInterop.m */ = {isa = PBXFileReference; fileEncoding = 4; lastKnownFileType = sourcecode.c.objc; name = VueInterop.m; path = VueInterop/VueInterop.m; sourceTree = "<group>"; };
		E2AEB9D91EE3AC24001E0C9A /* index.html */ = {isa = PBXFileReference; fileEncoding = 4; lastKnownFileType = text.html; name = index.html; path = VueInterop/index.html; sourceTree = "<group>"; };
		E2AEB9DB1EE3AE43001E0C9A /* main.css */ = {isa = PBXFileReference; fileEncoding = 4; lastKnownFileType = text.css; name = main.css; path = VueInterop/main.css; sourceTree = "<group>"; };
		E2AEB9DF1EE3AE80001E0C9A /* inter.js */ = {isa = PBXFileReference; fileEncoding = 4; lastKnownFileType = sourcecode.javascript; name = inter.js; path = VueInterop/inter.js; sourceTree = "<group>"; };
		E2AEB9E21EE3B185001E0C9A /* someJSLibrary */ = {isa = PBXFileReference; lastKnownFileType = folder; name = someJSLibrary; path = VueInterop/someJSLibrary; sourceTree = "<group>"; };
		E2B520CC1EDBD3C800FFEEF0 /* SilentPDFGenerator.h */ = {isa = PBXFileReference; fileEncoding = 4; lastKnownFileType = sourcecode.c.h; name = SilentPDFGenerator.h; path = SilentPDFGenerator/SilentPDFGenerator.h; sourceTree = "<group>"; };
		E2B520CD1EDBD3C800FFEEF0 /* SilentPDFGenerator.m */ = {isa = PBXFileReference; fileEncoding = 4; lastKnownFileType = sourcecode.c.objc; name = SilentPDFGenerator.m; path = SilentPDFGenerator/SilentPDFGenerator.m; sourceTree = "<group>"; };
		E2B520CE1EDBD3C800FFEEF0 /* SilentPDFGenerator.xib */ = {isa = PBXFileReference; fileEncoding = 4; lastKnownFileType = file.xib; name = SilentPDFGenerator.xib; path = SilentPDFGenerator/SilentPDFGenerator.xib; sourceTree = "<group>"; };
		E2CD29221EC4AB7100E94B5A /* WebKit.framework */ = {isa = PBXFileReference; lastKnownFileType = wrapper.framework; name = WebKit.framework; path = System/Library/Frameworks/WebKit.framework; sourceTree = SDKROOT; };
		E2E261B81ED887AE0045FDA0 /* LENSReportKey.h */ = {isa = PBXFileReference; lastKnownFileType = sourcecode.c.h; name = LENSReportKey.h; path = PDFGenerator/LENSReportKey.h; sourceTree = "<group>"; };
		E2E749FE1ED549FA0068DB02 /* ImageIO.framework */ = {isa = PBXFileReference; lastKnownFileType = wrapper.framework; name = ImageIO.framework; path = System/Library/Frameworks/ImageIO.framework; sourceTree = SDKROOT; };
		E2E74A051ED575EB0068DB02 /* UIImage+Utils.h */ = {isa = PBXFileReference; fileEncoding = 4; lastKnownFileType = sourcecode.c.h; name = "UIImage+Utils.h"; path = "ScaleImage/UIImage+Utils.h"; sourceTree = "<group>"; };
		E2E74A061ED575EB0068DB02 /* UIImage+Utils.m */ = {isa = PBXFileReference; fileEncoding = 4; lastKnownFileType = sourcecode.c.objc; name = "UIImage+Utils.m"; path = "ScaleImage/UIImage+Utils.m"; sourceTree = "<group>"; };
		E2E74A081ED5766F0068DB02 /* ScaleImage.h */ = {isa = PBXFileReference; fileEncoding = 4; lastKnownFileType = sourcecode.c.h; name = ScaleImage.h; path = ScaleImage/ScaleImage.h; sourceTree = "<group>"; };
		E2E74A091ED5766F0068DB02 /* ScaleImage.m */ = {isa = PBXFileReference; fileEncoding = 4; lastKnownFileType = sourcecode.c.objc; name = ScaleImage.m; path = ScaleImage/ScaleImage.m; sourceTree = "<group>"; };
		E2E74A0A1ED5766F0068DB02 /* ScaleImage.xib */ = {isa = PBXFileReference; fileEncoding = 4; lastKnownFileType = file.xib; name = ScaleImage.xib; path = ScaleImage/ScaleImage.xib; sourceTree = "<group>"; };
		E2F842C41EE77CDF003F3FB9 /* demoeditor.css */ = {isa = PBXFileReference; fileEncoding = 4; lastKnownFileType = text.css; name = demoeditor.css; path = VueInterop/demoeditor.css; sourceTree = "<group>"; };
		E2F842C51EE77CDF003F3FB9 /* demovue.html */ = {isa = PBXFileReference; fileEncoding = 4; lastKnownFileType = text.html; name = demovue.html; path = VueInterop/demovue.html; sourceTree = "<group>"; };
		E2FF1EF11EBAAD4D00AE9C08 /* log1.log */ = {isa = PBXFileReference; fileEncoding = 4; lastKnownFileType = text; name = log1.log; path = SampleItems/log1.log; sourceTree = "<group>"; };
		E2FF1EF41EBAAE8300AE9C08 /* log2.csv */ = {isa = PBXFileReference; fileEncoding = 4; lastKnownFileType = text; name = log2.csv; path = SampleItems/log2.csv; sourceTree = "<group>"; };
		FCE10543823FFD05046F75AC /* Pods-SilentPrintDemo.debug.xcconfig */ = {isa = PBXFileReference; includeInIndex = 1; lastKnownFileType = text.xcconfig; name = "Pods-SilentPrintDemo.debug.xcconfig"; path = "Pods/Target Support Files/Pods-SilentPrintDemo/Pods-SilentPrintDemo.debug.xcconfig"; sourceTree = "<group>"; };
/* End PBXFileReference section */

/* Begin PBXFrameworksBuildPhase section */
		E27ABE961EB1F217006D5A01 /* Frameworks */ = {
			isa = PBXFrameworksBuildPhase;
			buildActionMask = 2147483647;
			files = (
				E2E749FF1ED549FA0068DB02 /* ImageIO.framework in Frameworks */,
				E2CD29231EC4AB7100E94B5A /* WebKit.framework in Frameworks */,
				F7DA71BD9EDD5ED1A74FDE8D /* libPods-SilentPrintDemo.a in Frameworks */,
			);
			runOnlyForDeploymentPostprocessing = 0;
		};
/* End PBXFrameworksBuildPhase section */

/* Begin PBXGroup section */
		B320705CFACC076A9FEF7A76 /* Pods */ = {
			isa = PBXGroup;
			children = (
				FCE10543823FFD05046F75AC /* Pods-SilentPrintDemo.debug.xcconfig */,
				C51FDD691A45317111A9F7DA /* Pods-SilentPrintDemo.release.xcconfig */,
			);
			name = Pods;
			sourceTree = "<group>";
		};
		E2185FAD1EB8784900304253 /* PrintBatchAfterBatch */ = {
			isa = PBXGroup;
			children = (
				E22485B21ED4982D0052B051 /* PrintBatchAfterBatch.h */,
				E22485B31ED4982D0052B051 /* PrintBatchAfterBatch.xib */,
				E22485B41ED4982D0052B051 /* PrintBatchAfterBatch.m */,
			);
			name = PrintBatchAfterBatch;
			sourceTree = "<group>";
		};
		E21B63AA1EB2F90D007AB506 /* PrintSingleFile */ = {
			isa = PBXGroup;
			children = (
				E22485A81ED497FB0052B051 /* PrintSingleItem.h */,
				E22485A91ED497FB0052B051 /* PrintSingleItem.xib */,
				E22485AA1ED497FB0052B051 /* PrintSingleItem.m */,
			);
			name = PrintSingleFile;
			sourceTree = "<group>";
		};
		E21B63B01EB3A1B3007AB506 /* PrintBatch */ = {
			isa = PBXGroup;
			children = (
				E22485AD1ED498180052B051 /* PrintBatch.h */,
				E22485AE1ED498180052B051 /* PrintBatch.xib */,
				E22485AF1ED498180052B051 /* PrintBatch.m */,
			);
			name = PrintBatch;
			sourceTree = "<group>";
		};
		E2236C6D1EC93D02008BC220 /* MustacheBasicDemo */ = {
			isa = PBXGroup;
			children = (
				E22485B71ED4993E0052B051 /* MustacheBasicDemo.h */,
				E22485B81ED4993E0052B051 /* MustacheBasicDemo.xib */,
				E22485B91ED4993E0052B051 /* MustacheBasicDemo.m */,
			);
			name = MustacheBasicDemo;
			sourceTree = "<group>";
		};
		E2236C6E1EC93E12008BC220 /* GenerateImagesCollection */ = {
			isa = PBXGroup;
			children = (
				E22485BC1ED4997D0052B051 /* GenerateImagesCollection.h */,
				E22485BE1ED4997D0052B051 /* GenerateImagesCollection.m */,
			);
			name = GenerateImagesCollection;
			sourceTree = "<group>";
		};
		E22485D41ED49ADE0052B051 /* Report */ = {
			isa = PBXGroup;
			children = (
				E22F42FD1EE31D9900F0E1D9 /* UserEntry.js */,
				E22F42FE1EE31D9900F0E1D9 /* WYSIWYGReport.js */,
				E22485D51ED49B090052B051 /* LetterPortrait.css */,
				E22485D71ED49B090052B051 /* jquery-3.2.1.slim.min.js */,
				E22485D81ED49B090052B051 /* LetterPortrait.js */,
				E22485DA1ED49B090052B051 /* 01.jpg */,
				E22485DB1ED49B090052B051 /* 02.jpg */,
				E22485DC1ED49B090052B051 /* 03.jpg */,
				E22485DD1ED49B090052B051 /* 04.jpg */,
				E22485DE1ED49B090052B051 /* 05.jpg */,
				E22485DF1ED49B090052B051 /* 06.jpg */,
				E22485E01ED49B090052B051 /* 07.jpg */,
				E22485E11ED49B090052B051 /* 08.jpg */,
				E22485E21ED49B090052B051 /* 09.jpg */,
				E22485E31ED49B090052B051 /* 10.jpg */,
				E22485E41ED49B090052B051 /* 11.jpg */,
				E22485E51ED49B090052B051 /* 12.jpg */,
				E22485E61ED49B090052B051 /* 13.jpg */,
				E22485E71ED49B090052B051 /* 14.jpg */,
				E22485E81ED49B090052B051 /* 15.jpg */,
				E22485E91ED49B090052B051 /* 16.jpg */,
				E22485EA1ED49B090052B051 /* 17.jpg */,
				E22485EB1ED49B090052B051 /* 18.jpg */,
				E22485EC1ED49B090052B051 /* 19.jpg */,
				E22485ED1ED49B090052B051 /* 20.jpg */,
				E22485EE1ED49B090052B051 /* 21.jpg */,
				E22485EF1ED49B090052B051 /* 22.jpg */,
				E22485F01ED49B090052B051 /* 23.jpg */,
				E22485F11ED49B090052B051 /* 24.jpg */,
				E22485F21ED49B090052B051 /* 25.jpg */,
				E22485F31ED49B090052B051 /* 26.jpg */,
				E22485F41ED49B090052B051 /* 27.jpg */,
				E22485F51ED49B090052B051 /* 28.jpg */,
				E22485F61ED49B090052B051 /* 29.jpg */,
				E22485F71ED49B090052B051 /* 30.jpg */,
				E22485F81ED49B090052B051 /* doctor1.jpg */,
				E22485F91ED49B090052B051 /* doctor2.jpg */,
				E22485FA1ED49B090052B051 /* doctor3.jpg */,
				E22485FB1ED49B090052B051 /* logo1.png */,
				E22485FC1ED49B090052B051 /* logo2.png */,
				E22485FD1ED49B090052B051 /* Roboto-Regular.ttf */,
			);
			name = Report;
			sourceTree = "<group>";
		};
		E22F42F91EE313BB00F0E1D9 /* WYSIWYGReport */ = {
			isa = PBXGroup;
			children = (
				E22F42FA1EE3151B00F0E1D9 /* WYSIWYGReport.h */,
				E22F42FB1EE3151B00F0E1D9 /* WYSIWYGReport.m */,
			);
			name = WYSIWYGReport;
			sourceTree = "<group>";
		};
		E2478C111EB21122004EEC16 /* Basic */ = {
			isa = PBXGroup;
			children = (
				E2478C271EB24900004EEC16 /* ConfigurePrinter */,
				E21B63AA1EB2F90D007AB506 /* PrintSingleFile */,
				E21B63B01EB3A1B3007AB506 /* PrintBatch */,
				E2185FAD1EB8784900304253 /* PrintBatchAfterBatch */,
			);
			name = Basic;
			sourceTree = "<group>";
		};
		E2478C171EB2305F004EEC16 /* SilentPrint */ = {
			isa = PBXGroup;
			children = (
				E224859C1ED497DD0052B051 /* SilentPrint.h */,
				E224859F1ED497DD0052B051 /* SilentPrint.m */,
			);
			name = SilentPrint;
			sourceTree = "<group>";
		};
		E2478C201EB24888004EEC16 /* SampleItems */ = {
			isa = PBXGroup;
			children = (
				E2478C231EB248F2004EEC16 /* 1.pdf */,
				E2478C221EB248F2004EEC16 /* 2.jpg */,
				E2478C211EB248F2004EEC16 /* 3.html */,
				E247AA0E1EB64B7E00388A00 /* koi.jpg */,
				E2185FB31EB87E4500304253 /* 4.html */,
				E2185FB51EB8800F00304253 /* 5.html */,
				E2185FB61EB8800F00304253 /* 6.html */,
				E2185FB71EB8800F00304253 /* 7.html */,
				E2185FB81EB8800F00304253 /* 8.html */,
				E2FF1EF11EBAAD4D00AE9C08 /* log1.log */,
				E2FF1EF41EBAAE8300AE9C08 /* log2.csv */,
			);
			name = SampleItems;
			sourceTree = "<group>";
		};
		E2478C271EB24900004EEC16 /* ConfigurePrinter */ = {
			isa = PBXGroup;
			children = (
				E22485A31ED497EA0052B051 /* ConfigurePrinter.h */,
				E22485A41ED497EA0052B051 /* ConfigurePrinter.xib */,
				E22485A51ED497EA0052B051 /* ConfigurePrinter.m */,
			);
			name = ConfigurePrinter;
			sourceTree = "<group>";
		};
		E27204641EC31D9F0033E166 /* PDFGeneration */ = {
			isa = PBXGroup;
			children = (
				E22485D41ED49ADE0052B051 /* Report */,
				E28794951EC35DE700BECA7A /* Template */,
			);
			name = PDFGeneration;
			sourceTree = "<group>";
		};
		E27ABE901EB1F217006D5A01 = {
			isa = PBXGroup;
			children = (
				E27ABE9B1EB1F217006D5A01 /* SilentPrintDemo */,
				E27ABE9A1EB1F217006D5A01 /* Products */,
				B320705CFACC076A9FEF7A76 /* Pods */,
				EBEC7B7FB045656219A35C60 /* Frameworks */,
			);
			sourceTree = "<group>";
		};
		E27ABE9A1EB1F217006D5A01 /* Products */ = {
			isa = PBXGroup;
			children = (
				E27ABE991EB1F217006D5A01 /* SilentPrintDemo.app */,
			);
			name = Products;
			sourceTree = "<group>";
		};
		E27ABE9B1EB1F217006D5A01 /* SilentPrintDemo */ = {
			isa = PBXGroup;
			children = (
				E2E74A001ED572730068DB02 /* ScaleImage */,
				E27ABEB31EB1F30D006D5A01 /* MainMenu */,
				E2478C171EB2305F004EEC16 /* SilentPrint */,
				E2478C111EB21122004EEC16 /* Basic */,
				E2478C201EB24888004EEC16 /* SampleItems */,
				E28EE43A1EC46A7600DD8747 /* PDFGenerator */,
				E28794AB1EC35F2200BECA7A /* DemoPDFGeneration */,
				E27204641EC31D9F0033E166 /* PDFGeneration */,
				E27ABEA81EB1F217006D5A01 /* Assets.xcassets */,
				E27ABEAA1EB1F217006D5A01 /* LaunchScreen.storyboard */,
				E27ABEAD1EB1F217006D5A01 /* Info.plist */,
				E27ABE9C1EB1F217006D5A01 /* Supporting Files */,
			);
			path = SilentPrintDemo;
			sourceTree = "<group>";
		};
		E27ABE9C1EB1F217006D5A01 /* Supporting Files */ = {
			isa = PBXGroup;
			children = (
				E27ABE9D1EB1F217006D5A01 /* main.m */,
			);
			name = "Supporting Files";
			sourceTree = "<group>";
		};
		E27ABEB31EB1F30D006D5A01 /* MainMenu */ = {
			isa = PBXGroup;
			children = (
				E224857E1ED497000052B051 /* AppDelegate.h */,
				E22485821ED497000052B051 /* AppDelegate.m */,
				E224857F1ED497000052B051 /* BootLogic.h */,
				E22485831ED497010052B051 /* BootLogic.m */,
				E22485811ED497000052B051 /* MainScreen.h */,
				E22485851ED497010052B051 /* MainScreen.m */,
				E22485801ED497000052B051 /* ConsoleScreen.h */,
				E22485841ED497010052B051 /* ConsoleScreen.m */,
			);
			name = MainMenu;
			sourceTree = "<group>";
		};
		E28794951EC35DE700BECA7A /* Template */ = {
			isa = PBXGroup;
			children = (
				E22F43011EE31DF200F0E1D9 /* WYSIWYGReport.mustache */,
				E22485CD1ED49A870052B051 /* PortraitLetterPhoto.mustache */,
			);
			name = Template;
			sourceTree = "<group>";
		};
		E28794AB1EC35F2200BECA7A /* DemoPDFGeneration */ = {
			isa = PBXGroup;
			children = (
				E2B520CB1EDBD38A00FFEEF0 /* SilentPDFGenerator */,
				E2236C6D1EC93D02008BC220 /* MustacheBasicDemo */,
				E2236C6E1EC93E12008BC220 /* GenerateImagesCollection */,
				E2AEB9D51EE3AA83001E0C9A /* VueInterop */,
				E22F42F91EE313BB00F0E1D9 /* WYSIWYGReport */,
			);
			name = DemoPDFGeneration;
			sourceTree = "<group>";
		};
		E28EE43A1EC46A7600DD8747 /* PDFGenerator */ = {
			isa = PBXGroup;
			children = (
				E22485C11ED49A3E0052B051 /* PaperConfig.h */,
				E22485C41ED49A3E0052B051 /* PaperConfig.m */,
				E22485C31ED49A3E0052B051 /* PDFPageRenderer.h */,
				E22485C61ED49A3E0052B051 /* PDFPageRenderer.m */,
				E22485C21ED49A3E0052B051 /* PDFGenerator.h */,
				E22485C51ED49A3E0052B051 /* PDFGenerator.m */,
				E2E261B81ED887AE0045FDA0 /* LENSReportKey.h */,
			);
			name = PDFGenerator;
			sourceTree = "<group>";
		};
		E2AEB9D51EE3AA83001E0C9A /* VueInterop */ = {
			isa = PBXGroup;
			children = (
				E25845BE1EE780A500563AF5 /* basic.html */,
				E25845BF1EE780A500563AF5 /* script.js */,
				E25845C01EE780A500563AF5 /* vue.min.js */,
				E2F842C41EE77CDF003F3FB9 /* demoeditor.css */,
				E2F842C51EE77CDF003F3FB9 /* demovue.html */,
				E2AEB9E21EE3B185001E0C9A /* someJSLibrary */,
				E2AEB9D61EE3AB0A001E0C9A /* VueInterop.h */,
				E2AEB9D71EE3AB0A001E0C9A /* VueInterop.m */,
				E2AEB9D91EE3AC24001E0C9A /* index.html */,
				E2AEB9DB1EE3AE43001E0C9A /* main.css */,
				E2AEB9DF1EE3AE80001E0C9A /* inter.js */,
			);
			name = VueInterop;
			sourceTree = "<group>";
		};
		E2B520CB1EDBD38A00FFEEF0 /* SilentPDFGenerator */ = {
			isa = PBXGroup;
			children = (
				E2B520CC1EDBD3C800FFEEF0 /* SilentPDFGenerator.h */,
				E2B520CD1EDBD3C800FFEEF0 /* SilentPDFGenerator.m */,
				E2B520CE1EDBD3C800FFEEF0 /* SilentPDFGenerator.xib */,
			);
			name = SilentPDFGenerator;
			sourceTree = "<group>";
		};
		E2E74A001ED572730068DB02 /* ScaleImage */ = {
			isa = PBXGroup;
			children = (
				E2E74A051ED575EB0068DB02 /* UIImage+Utils.h */,
				E2E74A061ED575EB0068DB02 /* UIImage+Utils.m */,
				E2E74A081ED5766F0068DB02 /* ScaleImage.h */,
				E2E74A091ED5766F0068DB02 /* ScaleImage.m */,
				E2E74A0A1ED5766F0068DB02 /* ScaleImage.xib */,
			);
			name = ScaleImage;
			sourceTree = "<group>";
		};
		EBEC7B7FB045656219A35C60 /* Frameworks */ = {
			isa = PBXGroup;
			children = (
				E2E749FE1ED549FA0068DB02 /* ImageIO.framework */,
				E2CD29221EC4AB7100E94B5A /* WebKit.framework */,
				CE7848BD5FA7FF62C4BF0057 /* libPods-SilentPrintDemo.a */,
			);
			name = Frameworks;
			sourceTree = "<group>";
		};
/* End PBXGroup section */

/* Begin PBXNativeTarget section */
		E27ABE981EB1F217006D5A01 /* SilentPrintDemo */ = {
			isa = PBXNativeTarget;
			buildConfigurationList = E27ABEB01EB1F217006D5A01 /* Build configuration list for PBXNativeTarget "SilentPrintDemo" */;
			buildPhases = (
				782FCAEAE9FDCC6D90B8E8F2 /* [CP] Check Pods Manifest.lock */,
				E27ABE951EB1F217006D5A01 /* Sources */,
				E27ABE961EB1F217006D5A01 /* Frameworks */,
				E27ABE971EB1F217006D5A01 /* Resources */,
				6313CB9F048C31685A39E650 /* [CP] Embed Pods Frameworks */,
				504CB91EE44852F86D27E6FF /* [CP] Copy Pods Resources */,
			);
			buildRules = (
			);
			dependencies = (
			);
			name = SilentPrintDemo;
			productName = SilentPrintDemo;
			productReference = E27ABE991EB1F217006D5A01 /* SilentPrintDemo.app */;
			productType = "com.apple.product-type.application";
		};
/* End PBXNativeTarget section */

/* Begin PBXProject section */
		E27ABE911EB1F217006D5A01 /* Project object */ = {
			isa = PBXProject;
			attributes = {
				LastUpgradeCheck = 0830;
				ORGANIZATIONNAME = techmaster;
				TargetAttributes = {
					E27ABE981EB1F217006D5A01 = {
						CreatedOnToolsVersion = 8.3.1;
						DevelopmentTeam = H55CSPE9T9;
						ProvisioningStyle = Automatic;
					};
				};
			};
			buildConfigurationList = E27ABE941EB1F217006D5A01 /* Build configuration list for PBXProject "SilentPrintDemo" */;
			compatibilityVersion = "Xcode 3.2";
			developmentRegion = English;
			hasScannedForEncodings = 0;
			knownRegions = (
				en,
				Base,
			);
			mainGroup = E27ABE901EB1F217006D5A01;
			productRefGroup = E27ABE9A1EB1F217006D5A01 /* Products */;
			projectDirPath = "";
			projectRoot = "";
			targets = (
				E27ABE981EB1F217006D5A01 /* SilentPrintDemo */,
			);
		};
/* End PBXProject section */

/* Begin PBXResourcesBuildPhase section */
		E27ABE971EB1F217006D5A01 /* Resources */ = {
			isa = PBXResourcesBuildPhase;
			buildActionMask = 2147483647;
			files = (
				E22485AB1ED497FB0052B051 /* PrintSingleItem.xib in Resources */,
				E22486011ED49B090052B051 /* LetterPortrait.js in Resources */,
				E22486041ED49B090052B051 /* 02.jpg in Resources */,
				E224861E1ED49B090052B051 /* 28.jpg in Resources */,
				E2185FB91EB8800F00304253 /* 5.html in Resources */,
				E2AEB9DA1EE3AC24001E0C9A /* index.html in Resources */,
				E22486141ED49B090052B051 /* 18.jpg in Resources */,
				E2185FBC1EB8800F00304253 /* 8.html in Resources */,
				E22486081ED49B090052B051 /* 06.jpg in Resources */,
				E22485D21ED49A870052B051 /* PortraitLetterPhoto.mustache in Resources */,
				E22F43021EE31DF200F0E1D9 /* WYSIWYGReport.mustache in Resources */,
				E2AEB9E31EE3B185001E0C9A /* someJSLibrary in Resources */,
				E2478C251EB248F2004EEC16 /* 2.jpg in Resources */,
				E2185FB41EB87E4500304253 /* 4.html in Resources */,
				E247AA0F1EB64B7E00388A00 /* koi.jpg in Resources */,
				E22486241ED49B090052B051 /* logo1.png in Resources */,
				E224861D1ED49B090052B051 /* 27.jpg in Resources */,
				E224860F1ED49B090052B051 /* 13.jpg in Resources */,
				E224860C1ED49B090052B051 /* 10.jpg in Resources */,
				E2B520D01EDBD3C800FFEEF0 /* SilentPDFGenerator.xib in Resources */,
				E22486221ED49B090052B051 /* doctor2.jpg in Resources */,
				E2E74A0C1ED5766F0068DB02 /* ScaleImage.xib in Resources */,
				E224860D1ED49B090052B051 /* 11.jpg in Resources */,
				E25845C31EE780A500563AF5 /* vue.min.js in Resources */,
				E25845C11EE780A500563AF5 /* basic.html in Resources */,
				E22485B51ED4982D0052B051 /* PrintBatchAfterBatch.xib in Resources */,
				E22486061ED49B090052B051 /* 04.jpg in Resources */,
				E22486171ED49B090052B051 /* 21.jpg in Resources */,
				E22485A61ED497EA0052B051 /* ConfigurePrinter.xib in Resources */,
				E2478C241EB248F2004EEC16 /* 3.html in Resources */,
				E22485BA1ED4993E0052B051 /* MustacheBasicDemo.xib in Resources */,
				E22485B01ED498180052B051 /* PrintBatch.xib in Resources */,
				E22486091ED49B090052B051 /* 07.jpg in Resources */,
				E22486191ED49B090052B051 /* 23.jpg in Resources */,
				E22F42FF1EE31D9900F0E1D9 /* UserEntry.js in Resources */,
				E22486251ED49B090052B051 /* logo2.png in Resources */,
				E22486121ED49B090052B051 /* 16.jpg in Resources */,
				E22486101ED49B090052B051 /* 14.jpg in Resources */,
				E2F842C71EE77CDF003F3FB9 /* demoeditor.css in Resources */,
				E224861A1ED49B090052B051 /* 24.jpg in Resources */,
				E22486231ED49B090052B051 /* doctor3.jpg in Resources */,
				E25845C21EE780A500563AF5 /* script.js in Resources */,
				E22486161ED49B090052B051 /* 20.jpg in Resources */,
				E224860B1ED49B090052B051 /* 09.jpg in Resources */,
				E2AEB9E01EE3AE80001E0C9A /* inter.js in Resources */,
				E22486151ED49B090052B051 /* 19.jpg in Resources */,
				E2AEB9DC1EE3AE43001E0C9A /* main.css in Resources */,
				E22486071ED49B090052B051 /* 05.jpg in Resources */,
				E22486031ED49B090052B051 /* 01.jpg in Resources */,
				E2185FBA1EB8800F00304253 /* 6.html in Resources */,
				E2FF1EF61EBAAE8300AE9C08 /* log2.csv in Resources */,
				E2F842C81EE77CDF003F3FB9 /* demovue.html in Resources */,
				E224861F1ED49B090052B051 /* 29.jpg in Resources */,
				E22486051ED49B090052B051 /* 03.jpg in Resources */,
				E22486131ED49B090052B051 /* 17.jpg in Resources */,
				E2FF1EF21EBAAD4D00AE9C08 /* log1.log in Resources */,
				E2185FBB1EB8800F00304253 /* 7.html in Resources */,
				E22486201ED49B090052B051 /* 30.jpg in Resources */,
				E22486181ED49B090052B051 /* 22.jpg in Resources */,
				E2478C261EB248F2004EEC16 /* 1.pdf in Resources */,
				E22486001ED49B090052B051 /* jquery-3.2.1.slim.min.js in Resources */,
				E27ABEA91EB1F217006D5A01 /* Assets.xcassets in Resources */,
				E224861B1ED49B090052B051 /* 25.jpg in Resources */,
				E224860E1ED49B090052B051 /* 12.jpg in Resources */,
				E22486211ED49B090052B051 /* doctor1.jpg in Resources */,
				E224861C1ED49B090052B051 /* 26.jpg in Resources */,
				E224860A1ED49B090052B051 /* 08.jpg in Resources */,
				E22486261ED49B090052B051 /* Roboto-Regular.ttf in Resources */,
				E22485FE1ED49B090052B051 /* LetterPortrait.css in Resources */,
				E22F43001EE31D9900F0E1D9 /* WYSIWYGReport.js in Resources */,
				E22486111ED49B090052B051 /* 15.jpg in Resources */,
			);
			runOnlyForDeploymentPostprocessing = 0;
		};
/* End PBXResourcesBuildPhase section */

/* Begin PBXShellScriptBuildPhase section */
		504CB91EE44852F86D27E6FF /* [CP] Copy Pods Resources */ = {
			isa = PBXShellScriptBuildPhase;
			buildActionMask = 2147483647;
			files = (
			);
			inputPaths = (
			);
			name = "[CP] Copy Pods Resources";
			outputPaths = (
			);
			runOnlyForDeploymentPostprocessing = 0;
			shellPath = /bin/sh;
			shellScript = "\"${SRCROOT}/Pods/Target Support Files/Pods-SilentPrintDemo/Pods-SilentPrintDemo-resources.sh\"\n";
			showEnvVarsInLog = 0;
		};
		6313CB9F048C31685A39E650 /* [CP] Embed Pods Frameworks */ = {
			isa = PBXShellScriptBuildPhase;
			buildActionMask = 2147483647;
			files = (
			);
			inputPaths = (
			);
			name = "[CP] Embed Pods Frameworks";
			outputPaths = (
			);
			runOnlyForDeploymentPostprocessing = 0;
			shellPath = /bin/sh;
			shellScript = "\"${SRCROOT}/Pods/Target Support Files/Pods-SilentPrintDemo/Pods-SilentPrintDemo-frameworks.sh\"\n";
			showEnvVarsInLog = 0;
		};
		782FCAEAE9FDCC6D90B8E8F2 /* [CP] Check Pods Manifest.lock */ = {
			isa = PBXShellScriptBuildPhase;
			buildActionMask = 2147483647;
			files = (
			);
			inputPaths = (
			);
			name = "[CP] Check Pods Manifest.lock";
			outputPaths = (
			);
			runOnlyForDeploymentPostprocessing = 0;
			shellPath = /bin/sh;
			shellScript = "diff \"${PODS_PODFILE_DIR_PATH}/Podfile.lock\" \"${PODS_ROOT}/Manifest.lock\" > /dev/null\nif [ $? != 0 ] ; then\n    # print error to STDERR\n    echo \"error: The sandbox is not in sync with the Podfile.lock. Run 'pod install' or update your CocoaPods installation.\" >&2\n    exit 1\nfi\n";
			showEnvVarsInLog = 0;
		};
/* End PBXShellScriptBuildPhase section */

/* Begin PBXSourcesBuildPhase section */
		E27ABE951EB1F217006D5A01 /* Sources */ = {
			isa = PBXSourcesBuildPhase;
			buildActionMask = 2147483647;
			files = (
				E22485861ED497010052B051 /* AppDelegate.m in Sources */,
				E22485C81ED49A3E0052B051 /* PDFGenerator.m in Sources */,
				E22485C01ED4997D0052B051 /* GenerateImagesCollection.m in Sources */,
				E22F42FC1EE3151B00F0E1D9 /* WYSIWYGReport.m in Sources */,
				E22485A71ED497EA0052B051 /* ConfigurePrinter.m in Sources */,
				E22485C71ED49A3E0052B051 /* PaperConfig.m in Sources */,
				E22485BB1ED4993E0052B051 /* MustacheBasicDemo.m in Sources */,
				E2B520CF1EDBD3C800FFEEF0 /* SilentPDFGenerator.m in Sources */,
				E2AEB9D81EE3AB0A001E0C9A /* VueInterop.m in Sources */,
				E22485A21ED497DD0052B051 /* SilentPrint.m in Sources */,
				E22485C91ED49A3E0052B051 /* PDFPageRenderer.m in Sources */,
				E2E74A071ED575EB0068DB02 /* UIImage+Utils.m in Sources */,
				E22485871ED497010052B051 /* BootLogic.m in Sources */,
				E2E74A0B1ED5766F0068DB02 /* ScaleImage.m in Sources */,
				E22485AC1ED497FB0052B051 /* PrintSingleItem.m in Sources */,
				E27ABE9E1EB1F217006D5A01 /* main.m in Sources */,
				E22485B61ED4982D0052B051 /* PrintBatchAfterBatch.m in Sources */,
				E22485891ED497010052B051 /* MainScreen.m in Sources */,
				E22485B11ED498180052B051 /* PrintBatch.m in Sources */,
				E22485881ED497010052B051 /* ConsoleScreen.m in Sources */,
			);
			runOnlyForDeploymentPostprocessing = 0;
		};
/* End PBXSourcesBuildPhase section */

/* Begin PBXVariantGroup section */
		E27ABEAA1EB1F217006D5A01 /* LaunchScreen.storyboard */ = {
			isa = PBXVariantGroup;
			children = (
				E27ABEAB1EB1F217006D5A01 /* Base */,
			);
			name = LaunchScreen.storyboard;
			sourceTree = "<group>";
		};
/* End PBXVariantGroup section */

/* Begin XCBuildConfiguration section */
		E27ABEAE1EB1F217006D5A01 /* Debug */ = {
			isa = XCBuildConfiguration;
			buildSettings = {
				ALWAYS_SEARCH_USER_PATHS = NO;
				CLANG_ANALYZER_NONNULL = YES;
				CLANG_ANALYZER_NUMBER_OBJECT_CONVERSION = YES_AGGRESSIVE;
				CLANG_CXX_LANGUAGE_STANDARD = "gnu++0x";
				CLANG_CXX_LIBRARY = "libc++";
				CLANG_ENABLE_MODULES = YES;
				CLANG_ENABLE_OBJC_ARC = YES;
				CLANG_WARN_BOOL_CONVERSION = YES;
				CLANG_WARN_CONSTANT_CONVERSION = YES;
				CLANG_WARN_DIRECT_OBJC_ISA_USAGE = YES_ERROR;
				CLANG_WARN_DOCUMENTATION_COMMENTS = YES;
				CLANG_WARN_EMPTY_BODY = YES;
				CLANG_WARN_ENUM_CONVERSION = YES;
				CLANG_WARN_INFINITE_RECURSION = YES;
				CLANG_WARN_INT_CONVERSION = YES;
				CLANG_WARN_OBJC_ROOT_CLASS = YES_ERROR;
				CLANG_WARN_SUSPICIOUS_MOVE = YES;
				CLANG_WARN_UNREACHABLE_CODE = YES;
				CLANG_WARN__DUPLICATE_METHOD_MATCH = YES;
				"CODE_SIGN_IDENTITY[sdk=iphoneos*]" = "iPhone Developer";
				COPY_PHASE_STRIP = NO;
				DEBUG_INFORMATION_FORMAT = dwarf;
				ENABLE_STRICT_OBJC_MSGSEND = YES;
				ENABLE_TESTABILITY = YES;
				GCC_C_LANGUAGE_STANDARD = gnu99;
				GCC_DYNAMIC_NO_PIC = NO;
				GCC_NO_COMMON_BLOCKS = YES;
				GCC_OPTIMIZATION_LEVEL = 0;
				GCC_PREPROCESSOR_DEFINITIONS = (
					"DEBUG=1",
					"$(inherited)",
				);
				GCC_WARN_64_TO_32_BIT_CONVERSION = YES;
				GCC_WARN_ABOUT_RETURN_TYPE = YES_ERROR;
				GCC_WARN_UNDECLARED_SELECTOR = YES;
				GCC_WARN_UNINITIALIZED_AUTOS = YES_AGGRESSIVE;
				GCC_WARN_UNUSED_FUNCTION = YES;
				GCC_WARN_UNUSED_VARIABLE = YES;
				IPHONEOS_DEPLOYMENT_TARGET = 10.3;
				MTL_ENABLE_DEBUG_INFO = YES;
				ONLY_ACTIVE_ARCH = YES;
				SDKROOT = iphoneos;
			};
			name = Debug;
		};
		E27ABEAF1EB1F217006D5A01 /* Release */ = {
			isa = XCBuildConfiguration;
			buildSettings = {
				ALWAYS_SEARCH_USER_PATHS = NO;
				CLANG_ANALYZER_NONNULL = YES;
				CLANG_ANALYZER_NUMBER_OBJECT_CONVERSION = YES_AGGRESSIVE;
				CLANG_CXX_LANGUAGE_STANDARD = "gnu++0x";
				CLANG_CXX_LIBRARY = "libc++";
				CLANG_ENABLE_MODULES = YES;
				CLANG_ENABLE_OBJC_ARC = YES;
				CLANG_WARN_BOOL_CONVERSION = YES;
				CLANG_WARN_CONSTANT_CONVERSION = YES;
				CLANG_WARN_DIRECT_OBJC_ISA_USAGE = YES_ERROR;
				CLANG_WARN_DOCUMENTATION_COMMENTS = YES;
				CLANG_WARN_EMPTY_BODY = YES;
				CLANG_WARN_ENUM_CONVERSION = YES;
				CLANG_WARN_INFINITE_RECURSION = YES;
				CLANG_WARN_INT_CONVERSION = YES;
				CLANG_WARN_OBJC_ROOT_CLASS = YES_ERROR;
				CLANG_WARN_SUSPICIOUS_MOVE = YES;
				CLANG_WARN_UNREACHABLE_CODE = YES;
				CLANG_WARN__DUPLICATE_METHOD_MATCH = YES;
				"CODE_SIGN_IDENTITY[sdk=iphoneos*]" = "iPhone Developer";
				COPY_PHASE_STRIP = NO;
				DEBUG_INFORMATION_FORMAT = "dwarf-with-dsym";
				ENABLE_NS_ASSERTIONS = NO;
				ENABLE_STRICT_OBJC_MSGSEND = YES;
				GCC_C_LANGUAGE_STANDARD = gnu99;
				GCC_NO_COMMON_BLOCKS = YES;
				GCC_WARN_64_TO_32_BIT_CONVERSION = YES;
				GCC_WARN_ABOUT_RETURN_TYPE = YES_ERROR;
				GCC_WARN_UNDECLARED_SELECTOR = YES;
				GCC_WARN_UNINITIALIZED_AUTOS = YES_AGGRESSIVE;
				GCC_WARN_UNUSED_FUNCTION = YES;
				GCC_WARN_UNUSED_VARIABLE = YES;
				IPHONEOS_DEPLOYMENT_TARGET = 10.3;
				MTL_ENABLE_DEBUG_INFO = NO;
				ONLY_ACTIVE_ARCH = YES;
				SDKROOT = iphoneos;
				VALIDATE_PRODUCT = YES;
			};
			name = Release;
		};
		E27ABEB11EB1F217006D5A01 /* Debug */ = {
			isa = XCBuildConfiguration;
			baseConfigurationReference = FCE10543823FFD05046F75AC /* Pods-SilentPrintDemo.debug.xcconfig */;
			buildSettings = {
				ASSETCATALOG_COMPILER_APPICON_NAME = AppIcon;
				"CODE_SIGN_IDENTITY[sdk=iphoneos*]" = "iPhone Developer";
				DEVELOPMENT_TEAM = H55CSPE9T9;
				ENABLE_BITCODE = YES;
				INFOPLIST_FILE = SilentPrintDemo/Info.plist;
				LD_RUNPATH_SEARCH_PATHS = "$(inherited) @executable_path/Frameworks";
				PRODUCT_BUNDLE_IDENTIFIER = vn.techmaster.SilentPrintDemo;
				PRODUCT_NAME = "$(TARGET_NAME)";
				PROVISIONING_PROFILE = "";
				PROVISIONING_PROFILE_SPECIFIER = "";
				TARGETED_DEVICE_FAMILY = "1,2";
			};
			name = Debug;
		};
		E27ABEB21EB1F217006D5A01 /* Release */ = {
			isa = XCBuildConfiguration;
			baseConfigurationReference = C51FDD691A45317111A9F7DA /* Pods-SilentPrintDemo.release.xcconfig */;
			buildSettings = {
				ASSETCATALOG_COMPILER_APPICON_NAME = AppIcon;
				"CODE_SIGN_IDENTITY[sdk=iphoneos*]" = "iPhone Developer";
				DEVELOPMENT_TEAM = H55CSPE9T9;
				ENABLE_BITCODE = YES;
				INFOPLIST_FILE = SilentPrintDemo/Info.plist;
				LD_RUNPATH_SEARCH_PATHS = "$(inherited) @executable_path/Frameworks";
				PRODUCT_BUNDLE_IDENTIFIER = vn.techmaster.SilentPrintDemo;
				PRODUCT_NAME = "$(TARGET_NAME)";
				PROVISIONING_PROFILE_SPECIFIER = "";
				TARGETED_DEVICE_FAMILY = "1,2";
			};
			name = Release;
		};
/* End XCBuildConfiguration section */

/* Begin XCConfigurationList section */
		E27ABE941EB1F217006D5A01 /* Build configuration list for PBXProject "SilentPrintDemo" */ = {
			isa = XCConfigurationList;
			buildConfigurations = (
				E27ABEAE1EB1F217006D5A01 /* Debug */,
				E27ABEAF1EB1F217006D5A01 /* Release */,
			);
			defaultConfigurationIsVisible = 0;
			defaultConfigurationName = Release;
		};
		E27ABEB01EB1F217006D5A01 /* Build configuration list for PBXNativeTarget "SilentPrintDemo" */ = {
			isa = XCConfigurationList;
			buildConfigurations = (
				E27ABEB11EB1F217006D5A01 /* Debug */,
				E27ABEB21EB1F217006D5A01 /* Release */,
			);
			defaultConfigurationIsVisible = 0;
			defaultConfigurationName = Release;
		};
/* End XCConfigurationList section */
	};
	rootObject = E27ABE911EB1F217006D5A01 /* Project object */;
}
